
Microsoft Visual Studio Solution File, Format Version 12.00
# Visual Studio Version 16
VisualStudioVersion = 16.0.31019.35
MinimumVisualStudioVersion = 10.0.40219.1
Project("{FAE04EC0-301F-11D3-BF4B-00C04F79EFBC}") = "ClassLibrary1", "ClassLibrary1\ClassLibrary1.csproj", "{0F25E43C-1377-481F-8683-3482282E42AF}"
EndProject
Project("{FAE04EC0-301F-11D3-BF4B-00C04F79EFBC}") = "XUnitTestProject1", "XUnitTestProject1\XUnitTestProject1.csproj", "{9BB67037-9515-43CA-B554-DF835847CB97}"
EndProject
Global
	GlobalSection(SolutionConfigurationPlatforms) = preSolution
		Debug|Any CPU = Debug|Any CPU
		Release|Any CPU = Release|Any CPU
	EndGlobalSection
	GlobalSection(ProjectConfigurationPlatforms) = postSolution
		{0F25E43C-1377-481F-8683-3482282E42AF}.Debug|Any CPU.ActiveCfg = Debug|Any CPU
		{0F25E43C-1377-481F-8683-3482282E42AF}.Debug|Any CPU.Build.0 = Debug|Any CPU
		{0F25E43C-1377-481F-8683-3482282E42AF}.Release|Any CPU.ActiveCfg = Release|Any CPU
		{0F25E43C-1377-481F-8683-3482282E42AF}.Release|Any CPU.Build.0 = Release|Any CPU
		{9BB67037-9515-43CA-B554-DF835847CB97}.Debug|Any CPU.ActiveCfg = Debug|Any CPU
		{9BB67037-9515-43CA-B554-DF835847CB97}.Debug|Any CPU.Build.0 = Debug|Any CPU
		{9BB67037-9515-43CA-B554-DF835847CB97}.Release|Any CPU.ActiveCfg = Release|Any CPU
		{9BB67037-9515-43CA-B554-DF835847CB97}.Release|Any CPU.Build.0 = Release|Any CPU
	EndGlobalSection
	GlobalSection(SolutionProperties) = preSolution
		HideSolutionNode = FALSE
	EndGlobalSection
	GlobalSection(ExtensibilityGlobals) = postSolution
		SolutionGuid = {CABC7A82-19DF-4966-B71F-13EA40AE84A0}
	EndGlobalSection
EndGlobal
